
Microsoft Visual Studio Solution File, Format Version 12.00
# Visual Studio Version 17
VisualStudioVersion = 17.6.33723.286
MinimumVisualStudioVersion = 10.0.40219.1
Project("{9A19103F-16F7-4668-BE54-9A1E7A4F7556}") = "CoreHoney.WEBUI", "CoreHoney.WEBUI\CoreHoney.WEBUI.csproj", "{87E8EFD8-A3DA-4422-B9FA-D5C9F37874BC}"
EndProject
Project("{9A19103F-16F7-4668-BE54-9A1E7A4F7556}") = "CoreHoney.Entities", "CoreHoney.Entities\CoreHoney.Entities.csproj", "{A4A8B807-4BF9-46A7-980D-56F55CA194C5}"
EndProject
Project("{9A19103F-16F7-4668-BE54-9A1E7A4F7556}") = "CoreHoney.DataAccess", "CoreHoney.DataAccess\CoreHoney.DataAccess.csproj", "{1811BF71-865B-430E-B44C-972880FBB629}"
EndProject
Project("{9A19103F-16F7-4668-BE54-9A1E7A4F7556}") = "CoreHoney.Business", "CoreHoney.Business\CoreHoney.Business.csproj", "{FDC303D3-251C-4F19-BA0C-28B3242137A7}"
EndProject
Global
	GlobalSection(SolutionConfigurationPlatforms) = preSolution
		Debug|Any CPU = Debug|Any CPU
		Release|Any CPU = Release|Any CPU
	EndGlobalSection
	GlobalSection(ProjectConfigurationPlatforms) = postSolution
		{87E8EFD8-A3DA-4422-B9FA-D5C9F37874BC}.Debug|Any CPU.ActiveCfg = Debug|Any CPU
		{87E8EFD8-A3DA-4422-B9FA-D5C9F37874BC}.Debug|Any CPU.Build.0 = Debug|Any CPU
		{87E8EFD8-A3DA-4422-B9FA-D5C9F37874BC}.Release|Any CPU.ActiveCfg = Release|Any CPU
		{87E8EFD8-A3DA-4422-B9FA-D5C9F37874BC}.Release|Any CPU.Build.0 = Release|Any CPU
		{A4A8B807-4BF9-46A7-980D-56F55CA194C5}.Debug|Any CPU.ActiveCfg = Debug|Any CPU
		{A4A8B807-4BF9-46A7-980D-56F55CA194C5}.Debug|Any CPU.Build.0 = Debug|Any CPU
		{A4A8B807-4BF9-46A7-980D-56F55CA194C5}.Release|Any CPU.ActiveCfg = Release|Any CPU
		{A4A8B807-4BF9-46A7-980D-56F55CA194C5}.Release|Any CPU.Build.0 = Release|Any CPU
		{1811BF71-865B-430E-B44C-972880FBB629}.Debug|Any CPU.ActiveCfg = Debug|Any CPU
		{1811BF71-865B-430E-B44C-972880FBB629}.Debug|Any CPU.Build.0 = Debug|Any CPU
		{1811BF71-865B-430E-B44C-972880FBB629}.Release|Any CPU.ActiveCfg = Release|Any CPU
		{1811BF71-865B-430E-B44C-972880FBB629}.Release|Any CPU.Build.0 = Release|Any CPU
		{FDC303D3-251C-4F19-BA0C-28B3242137A7}.Debug|Any CPU.ActiveCfg = Debug|Any CPU
		{FDC303D3-251C-4F19-BA0C-28B3242137A7}.Debug|Any CPU.Build.0 = Debug|Any CPU
		{FDC303D3-251C-4F19-BA0C-28B3242137A7}.Release|Any CPU.ActiveCfg = Release|Any CPU
		{FDC303D3-251C-4F19-BA0C-28B3242137A7}.Release|Any CPU.Build.0 = Release|Any CPU
	EndGlobalSection
	GlobalSection(SolutionProperties) = preSolution
		HideSolutionNode = FALSE
	EndGlobalSection
	GlobalSection(ExtensibilityGlobals) = postSolution
		SolutionGuid = {E68A2B78-67EF-4338-92EB-89D8377EAD8F}
	EndGlobalSection
EndGlobal
